id: satellites_smogp_signalling_deframer
label: SMOG-P Signalling Deframer
category: '[Satellites]/Deframers'

parameters:
-   id: threshold
    label: Syncword threshold
    dtype: int
    default: 0

inputs:
-   domain: stream
    dtype: float

outputs:
-   domain: message
    id: out

templates:
    imports: import satellites.components.deframers
    make: satellites.components.deframers.smogp_signalling_deframer(syncword_threshold = ${threshold})

documentation: |-
    Deframes SMOG-P signalling frames

    Input:
        A stream of soft symbols containing signalling frames

    Output:
        PDUs with the deframed signalling frames

    Parameters:
        Syncword threshold: number of bit errors to allow in syncword detection

file_format: 1
