id: satellites_u482c_deframer
label: GOMspace U482C Deframer
category: '[Satellites]/Deframers'

parameters:
-   id: threshold
    label: Syncword threshold
    dtype: int
    default: 0

inputs:
-   domain: stream
    dtype: float

outputs:
-   domain: message
    id: out

templates:
    imports: import satellites.components.deframers
    make: satellites.components.deframers.u482c_deframer(syncword_threshold = ${threshold})

documentation: |-
    Deframes a signal using the protocol of the GOMspace NanoCom U482C

    Input:
        A stream of soft symbols containing packets from the U482C transceiver

    Output:
        PDUs with the deframed packets

    Parameters:
        Syncword threshold: number of bit errors to allow in the detection of the 32 bit syncword

file_format: 1
