id: satellites_ops_sat_deframer
label: OPS-SAT Deframer
category: '[Satellites]/Deframers'

parameters:
-   id: threshold
    label: Syncword threshold
    dtype: int
    default: 0

inputs:
-   domain: stream
    dtype: float

outputs:
-   domain: message
    id: out

templates:
    imports: import satellites.components.deframers
    make: satellites.components.deframers.ops_sat_deframer(syncword_threshold = ${threshold})

documentation: |-
    Deframes OPS-SAT packets

    The frames are AX.25 with CCSDS Reed-Solomon codewords as payload

    Input:
        A stream of soft symbols containing OPS-SAT packets

    Output:
        PDUs with the deframed OPS-SAT packets

    Parameters:
        Syncword threshold: number of bit errors to allow in syncword detection

file_format: 1
