id: satellites_reaktor_hello_world_deframer
label: Reaktor Hello World Deframer
category: '[Satellites]/Deframers'

parameters:
-   id: threshold
    label: Syncword threshold
    dtype: int
    default: 0

inputs:
-   domain: stream
    dtype: float

outputs:
-   domain: message
    id: out

templates:
    imports: import satellites.components.deframers
    make: satellites.components.deframers.reaktor_hello_world_deframer(syncword_threshold = ${threshold})

file_format: 1
