id: satellites_astrocast_9k6_deframer
label: Astrocast 9k6 Deframer
category: '[Satellites]/Deframers'

parameters:
-   id: threshold
    label: Syncword threshold
    dtype: int
    default: 0
-   id: options
    label: Command line options
    dtype: string
    default: '""'
    hide: part

inputs:
-   domain: stream
    dtype: float

outputs:
-   domain: message
    id: out

templates:
    imports: import satellites.components.deframers
    make: satellites.components.deframers.astrocast_9k6_deframer(syncword_threshold = ${threshold}, options=${options})

documentation: |-
    Deframes Astrocast 9k6 packets

    The frames use Reed-Solomon and the CCSDS synchronous scrambler

    Input:
        A stream of soft symbols containing Astrocast 9k6 packets

    Output:
        PDUs with the deframed Astrocast 9k6 packets

    Parameters:
        Syncword threshold: number of bit errors to allow in syncword detection
        Command line options: options to pass down to the block, following the syntax of the gr_satellites command line tool

file_format: 1
