id: satellites_aausat4_deframer
label: AAUSAT-4 Deframer
category: '[Satellites]/Deframers'

parameters:
-   id: threshold
    label: Syncword threshold
    dtype: int
    default: 0

inputs:
-   domain: stream
    dtype: float

outputs:
-   domain: message
    id: out

templates:
    imports: import satellites.components.deframers
    make: satellites.components.deframers.aausat4_deframer(syncword_threshold = ${threshold})

file_format: 1
