id: satellites_astrocast_9k6_deframer
label: Astrocast 9k6 Deframer
category: '[Satellites]/Deframers'

parameters:
-   id: threshold
    label: Syncword threshold
    dtype: int
    default: 0

inputs:
-   domain: stream
    dtype: float

outputs:
-   domain: message
    id: out

templates:
    imports: import satellites.components.deframers
    make: satellites.components.deframers.astrocast_9k6_deframer(syncword_threshold = ${threshold})

documentation: |-
    Deframes Astrocast 9k6 packets

    The frames use Reed-Solomon and the CCSDS synchronous scrambler

    Input:
        A stream of soft symbols containing Astrocast 9k6 packets

    Output:
        PDUs with the deframed Astrocast 9k6 packets

    Parameters:
        Syncword threshold: number of bit errors to allow in syncword detection

file_format: 1
