id: satellites_ax25_deframer
label: AX.25 Deframer
category: '[Satellites]/Deframers'

parameters:
-   id: g3ruh_scrambler
    label: G3RUH scrambling
    dtype: bool
    default: 'True'
    options: ['True', 'False']

inputs:
-   domain: stream
    dtype: float

outputs:
-   domain: message
    id: out

templates:
    imports: import satellites.components.deframers
    make: satellites.components.deframers.ax25_deframer(g3ruh_scrambler=${g3ruh_scrambler})

documentation: |-
    Deframes AX.25 packets

    This block performs NRZ-I decoding, frame boundary detection, bit de-stuffing, and CRC-16 checking.

    Input:
        A stream of soft symbols containing AX.25 packets

    Output:
        PDUs with the deframed AX.25 packets

    Parameters:
        G3RUH scrambling: Perform G3RUH descrambling

file_format: 1
