id: satellites_ccsds_concatenated_deframer
label: CCSDS Concatenated Deframer
category: '[Satellites]/Deframers'

parameters:
-   id: frame_size
    label: Frame size (bytes)
    dtype: int
    default: 223
-   id: differential
    label: Differential encoding
    dtype: bool
    default: 'False'
    options: ['True', 'False']
-   id: dual_basis
    label: Use RS dual basis
    dtype: bool
    default: 'False'
    options: ['True', 'False']
-   id: use_scrambler
    label: Use scrambler
    dtype: bool
    default: 'True'
    options: ['True', 'False']
-   id: threshold
    label: Syncword threshold
    dtype: int
    default: 0
-   id: options
    label: Command line options
    dtype: string
    default: '""'
    hide: part

inputs:
-   domain: stream
    dtype: float

outputs:
-   domain: message
    id: out

templates:
    imports: import satellites.components.deframers
    make: satellites.components.deframers.ccsds_concatenated_deframer(frame_size = ${frame_size}, differential = ${differential}, dual_basis = ${dual_basis}, use_scrambler = ${use_scrambler}, syncword_threshold = ${threshold}, options=${options})

documentation: |-
    Deframes a signal using the CCSDS concatenated TM protocol

    Input:
        A stream of soft symbols containing packets using the CCSDS concatenated TM protocol

    Output:
        PDUs with the deframed packets

    Parameters:
        Frame size (bytes): the size of the frame in bytes, after Reed-Solomon decoding
        Differential encoding: toggles the usage of differential decoding
        Use RS dual basis: toggles the usage of the dual basis definition for the Reed-Solomon code
        Syncword threshold: number of bit errors to allow in the detection of the 32 bit syncword
        Command line options: options to pass down to the block, following the syntax of the gr_satellites command line tool

file_format: 1
