id: satellites_sat_3cat_1_deframer
label: 3CAT-1 Deframer
category: '[Satellites]/Deframers'

parameters:
-   id: threshold
    label: Syncword threshold
    dtype: int
    default: 0

inputs:
-   domain: stream
    dtype: float

outputs:
-   domain: message
    id: out

templates:
    imports: import satellites.components.deframers
    make: satellites.components.deframers.sat_3cat_1_deframer(syncword_threshold = ${threshold})

documentation: |-
    Deframes 3CAT-1 packets

    The frames are transmitted by a CC1101 chip with PN9 scrambler and use a (255,223) Reed-Solomon code for the payload

    Input:
        A stream of soft symbols containing 3CAT-1 packets

    Output:
        PDUs with the deframed 3CAT-1 packets

    Parameters:
        Syncword threshold: number of bit errors to allow in syncword detection

file_format: 1
