id: satellites_lucky7_deframer
label: Lucky-7 Deframer
category: '[Satellites]/Deframers'

parameters:
-   id: threshold
    label: Syncword threshold
    dtype: int
    default: 0

inputs:
-   domain: stream
    dtype: float

outputs:
-   domain: message
    id: out

templates:
    imports: import satellites.components.deframers
    make: satellites.components.deframers.lucky7_deframer(syncword_threshold = ${threshold})

documentation: |-
    Deframes Lucky-7 packets

    The frames are transmitted by a SiLabs Si4463 transceiver with a PN9 scrambler and a CRC-16

    Input:
        A stream of soft symbols containing Lucky-7 packets

    Output:
        PDUs with the deframed Lucky-7 packets

    Parameters:
        Syncword threshold: number of bit errors to allow in syncword detection

file_format: 1
