# auto-generated by grc.converter

id: satellites_check_hex_string
label: Check Hex String
category: '[Satellites]/Misc'

parameters:
-   id: hexstring
    label: Hex String
    dtype: string
    default: "c0ffee"

-   id: startindex
    label: Starting Position
    dtype: int
    default: 0

inputs:
-   domain: message
    id: in

outputs:
-   domain: message
    id: ok
    optional: true
-   domain: message
    id: fail
    optional: true

templates:
    imports: import satellites
    make: satellites.check_hex_string(${hexstring}, ${startindex})

documentation: |-
    Checks data from input port from "Starting Position" on for a "Hex String".

    If the incoming string matches the entered string, data will be passed to output port "ok", else to "fail".
    
    Example for a match:

    Entered block parameters:
    "Hex String" = 4450304E4641	(ASCII for DP0NFA)
    "Starting Position" = 10		(Starts counting from 0 on)

    Data coming into input port: "02300400000000003D0E4450304E4641000100C300B7142EF90F9C06290000000"
    

file_format: 1
