# auto-generated by grc.converter

id: satellites_pwsat2_telemetry_parser
label: PW-Sat2 Telemetry Parser
category: '[Satellites]/Telemetry'

parameters:
-   id: pwsat2_path
    label: PW-Sat2 FramePayloadDecoder path
    dtype: string

inputs:
-   domain: message
    id: in

templates:
    imports: import satellites
    make: satellites.pwsat2_telemetry_parser(${pwsat2_path})

file_format: 1
