# auto-generated by grc.converter

id: satellites_swiatowid_packet_split
label: Swiatowid packet split
category: '[Satellites]/Packet'

inputs:
-   domain: message
    id: in

outputs:
-   domain: message
    id: out

templates:
    imports: import satellites
    make: satellites.swiatowid_packet_split()

file_format: 1
