id: satellites_header_remover
label: Header remover
category: '[Satellites]/Packet'

parameters:
-   id: length
    label: Header length
    dtype: int
    default: 0

inputs:
-   domain: message
    id: in

outputs:
-   domain: message
    id: out

templates:
    imports: import satellites
    make: satellites.header_remover(${length})

file_format: 1
