# auto-generated by grc.converter

id: satellites_ao40_deinterleaver
label: AO-40 deinterleaver
category: '[Satellites]/Coding'

inputs:
-   domain: message
    id: in

outputs:
-   domain: message
    id: out

templates:
    imports: import satellites
    make: satellites.ao40_deinterleaver()

file_format: 1
