# auto-generated by grc.converter

id: satellites_lilacsat1_demux
label: LilacSat-1 demuxer
category: '[Satellites]/Packet'

parameters:
-   id: tag
    label: Tag
    dtype: string
    default: '"syncword"'

inputs:
-   domain: stream
    dtype: byte

outputs:
-   domain: message
    id: frame
-   domain: message
    id: codec2

templates:
    imports: import satellites
    make: satellites.lilacsat1_demux(${tag})

file_format: 1
