id: satellites_smogp_spectrum_save
label: SMOG-P/ATL-1 spectrum save
category: '[Satellites]/Data'

parameters:
-   id: path
    label: Path
    dtype: string
    default: '/tmp/'

inputs:
-   domain: message
    id: in

templates:
    imports: import satellites
    make: satellites.smogp_spectrum_save(${path})

file_format: 1
