# auto-generated by grc.converter

id: satellites_swiatowid_image_decoder
label: Swiatowid Image Decoder
category: '[Satellites]/Data'

parameters:
-   id: path
    label: Path
    dtype: string
-   id: display
    label: Display
    dtype: bool
    default: 'True'
    options: ['True', 'False']
    option_labels: ['Yes', 'No']
-   id: fullscreen
    label: Fullscreen
    dtype: bool
    default: 'True'
    options: ['True', 'False']
    option_labels: ['Yes', 'No']

inputs:
-   domain: message
    id: in

templates:
    imports: import satellites
    make: satellites.swiatowid_image_decoder(${path}, ${display}, ${fullscreen})

file_format: 1
