# auto-generated by grc.converter

id: satellites_pwsat2_submitter
label: PW-Sat2 Telemetry Forwarder
category: '[Satellites]/Misc'

parameters:
-   id: credentials
    label: Credentials file
    dtype: string
-   id: tstamp
    label: Start of recording UTC (blank for realtime)
    dtype: string

inputs:
-   domain: message
    id: in

templates:
    imports: import satellites
    make: satellites.pwsat2_submitter(${credentials}, ${tstamp})

file_format: 1
