# auto-generated by grc.converter

id: satellites_check_address
label: Check AX.25 address
category: '[Satellites]/AX.25'

parameters:
-   id: address
    label: Address
    dtype: string
-   id: direction
    label: Direction
    dtype: string
    options: ['"from"', '"to"']
    option_labels: [From, To]

inputs:
-   domain: message
    id: in

outputs:
-   domain: message
    id: ok
    optional: true
-   domain: message
    id: fail
    optional: true

templates:
    imports: import satellites
    make: satellites.check_address(${address}, ${direction})

file_format: 1
