# auto-generated by grc.converter

id: satellites_lilacsat1_gps_kml
label: LilacSat-1 GPS to KML
category: '[Satellites]/Telemetry'

inputs:
-   domain: message
    id: in

outputs:
-   domain: message
    id: out

templates:
    imports: import satellites
    make: satellites.lilacsat1_gps_kml()

file_format: 1
