id: satellites_bme_submitter
label: BME Telemetry Forwarder
category: '[Satellites]/Misc'

parameters:
-   id: user
    label: User
    dtype: string
-   id: password
    label: Password
    dtype: string
-   id: satellite
    label: Satellite
    dtype: string

inputs:
-   domain: message
    id: in

templates:
    imports: import satellites
    make: satellites.bme_submitter(${user}, ${password}, ${satellite})

file_format: 1
