# auto-generated by grc.converter

id: tnc_nx_beesat_classifier
label: BEESAT classifier
category: '[Satellites]/Telemetry'

inputs:
-   domain: message
    id: in

outputs:
-   domain: message
    id: BEESAT-1
    optional: true
-   domain: message
    id: BEESAT-2
    optional: true
-   domain: message
    id: BEESAT-4
    optional: true
-   domain: message
    id: BEESAT-9
    optional: true
-   domain: message
    id: TECHNOSAT
    optional: true

templates:
    imports: import satellites
    make: satellites.beesat_classifier()

file_format: 1
