# auto-generated by grc.converter

id: satellites_varlen_packet_framer
label: Variable Length Packet Framer
category: '[Satellites]/Packet'

parameters:
-   id: packetlen_tag
    label: Packet Length Tag
    dtype: string
    default: packet_len
-   id: length_field_size
    label: Packet Length Size
    dtype: int
    default: '12'
-   id: endianness
    label: Endianness
    dtype: raw
    default: gr.GR_MSB_FIRST
    options: [gr.GR_MSB_FIRST, gr.GR_LSB_FIRST]
    option_labels: [MSB, LSB]
-   id: use_golay
    label: Golay Encoding
    dtype: bool
    default: 'True'
    options: ['False', 'True']
    option_labels: ['Off', 'On']
-   id: sync_word
    label: Sync Word
    dtype: raw
    default: ()

inputs:
-   domain: stream
    dtype: byte

outputs:
-   domain: stream
    dtype: byte

templates:
    imports: import satellites
    make: satellites.varlen_packet_framer(${packetlen_tag}, ${length_field_size},
        ${endianness}, ${use_golay}, ${sync_word})

documentation: |-
    Prepends the packet length in the tagged stream.

        Optionally prepends a sync word.

file_format: 1
