# auto-generated by grc.converter

id: satellites_descrambler308
label: IESS-308 descrambler
category: '[Satellites]/Scrambling'

inputs:
-   domain: stream
    dtype: byte

outputs:
-   domain: stream
    dtype: byte

templates:
    imports: import satellites
    make: satellites.descrambler308()

file_format: 1
