# auto-generated by grc.converter

id: satellites_snet_classifier
label: SNET classifier
category: '[Satellites]/Telemetry'

inputs:
-   domain: message
    id: in

outputs:
-   domain: message
    id: SNET-A
    optional: true
-   domain: message
    id: SNET-B
    optional: true
-   domain: message
    id: SNET-C
    optional: true
-   domain: message
    id: SNET-D
    optional: true

templates:
    imports: import satellites
    make: satellites.snet_classifier()

file_format: 1
