# auto-generated by grc.converter

id: satellites_hdlc_framer
label: HDLC Framer
category: '[Satellites]/AX.25'

parameters:
-   id: preamble_bytes
    label: Preamble bytes
    dtype: int
    default: '50'
-   id: postamble_bytes
    label: Postamble bytes
    dtype: int
    default: '7'

inputs:
-   domain: message
    id: in

outputs:
-   domain: message
    id: out

templates:
    imports: import satellites
    make: satellites.hdlc_framer(preamble_bytes=${preamble_bytes}, postamble_bytes=${postamble_bytes})

file_format: 1
