# auto-generated by grc.converter

id: satellites_ao40_deinterleaver_soft
label: AO-40 deinterleaver (soft symbols)
category: '[Satellites]/Coding'

inputs:
-   domain: message
    id: in

outputs:
-   domain: message
    id: out

templates:
    imports: import satellites
    make: satellites.ao40_deinterleaver_soft()

file_format: 1
