id: satellites_check_crc16_ccitt
label: Check CRC-16 CCITT (Deprecated)
category: '[Satellites]/Deprecated'

parameters:
-   id: verbose
    label: Verbose
    dtype: bool
    options: ['True', 'False']
    option_labels: ['Yes', 'No']

inputs:
-   domain: message
    id: in

outputs:
-   domain: message
    id: ok
    optional: true
-   domain: message
    id: fail
    optional: true

templates:
    imports: import satellites
    make: satellites.check_crc16_ccitt(${verbose})

file_format: 1
