# auto-generated by grc.converter

id: satellites_sat_1kuns_pf_telemetry_parser
label: 1KUNS-PF Telemetry Parser
category: '[Satellites]/Telemetry'

inputs:
-   domain: message
    id: in

templates:
    imports: import satellites
    make: satellites.sat_1kuns_pf_telemetry_parser()

file_format: 1
