id: satellites_hexdump_sink
label: Hexdump Sink
category: '[Satellites]/Data sinks'

inputs:
-   domain: message
    id: in

templates:
    imports: import satellites.components.datasinks
    make: satellites.components.datasinks.hexdump_sink()

documentation: |-
    Prints PDUs in hex to the standard output

    This block is a wrapper over the Message Debug block

    Input:
        PDUs

file_format: 1
