# auto-generated by grc.converter

id: satellites_telemetry_packet_reconstruction
label: Telemetry Packet Reconstruction
category: '[Satellites]/CCSDS'

inputs:
-   domain: message
    id: in

outputs:
-   domain: message
    id: out

templates:
    imports: import satellites.ccsds
    make: satellites.ccsds.telemetry_packet_reconstruction()

file_format: 1
