# auto-generated by grc.converter

id: satellites_pathID_demultiplexer
label: Path ID Demultiplexer
category: '[Satellites]/CCSDS'

parameters:
-   id: pathID_outputs
    label: Path ID outputs
    dtype: int_vector
    hide: none

inputs:
-   domain: message
    id: in

outputs:
-   domain: message
    id: out
    multiplicity: ${ len(pathID_outputs) }
-   domain: message
    id: discarded

templates:
    imports: import satellites
    make: satellites.pathID_demultiplexer((${pathID_outputs}))

file_format: 1
