# auto-generated by grc.converter

id: satellites_telemetry_parser
label: Telemetry Parser
category: '[Satellites]/CCSDS'

inputs:
-   domain: message
    id: in

outputs:
-   domain: message
    id: out
    optional: true

templates:
    imports: import satellites
    make: satellites.telemetry_parser()

file_format: 1
